
Microsoft Visual Studio Solution File, Format Version 12.00
# Visual Studio Version 16
VisualStudioVersion = 16.0.29411.108
MinimumVisualStudioVersion = 10.0.40219.1
Project("{FAE04EC0-301F-11D3-BF4B-00C04F79EFBC}") = "RaoulCore2", "RaoulCore2\RaoulCore2.csproj", "{8E96CF0E-F02E-4E57-989D-FB6873370189}"
EndProject
Global
	GlobalSection(SolutionConfigurationPlatforms) = preSolution
		Debug|Any CPU = Debug|Any CPU
		Release|Any CPU = Release|Any CPU
	EndGlobalSection
	GlobalSection(ProjectConfigurationPlatforms) = postSolution
		{8E96CF0E-F02E-4E57-989D-FB6873370189}.Debug|Any CPU.ActiveCfg = Debug|Any CPU
		{8E96CF0E-F02E-4E57-989D-FB6873370189}.Debug|Any CPU.Build.0 = Debug|Any CPU
		{8E96CF0E-F02E-4E57-989D-FB6873370189}.Release|Any CPU.ActiveCfg = Release|Any CPU
		{8E96CF0E-F02E-4E57-989D-FB6873370189}.Release|Any CPU.Build.0 = Release|Any CPU
	EndGlobalSection
	GlobalSection(SolutionProperties) = preSolution
		HideSolutionNode = FALSE
	EndGlobalSection
	GlobalSection(ExtensibilityGlobals) = postSolution
		SolutionGuid = {B72221D9-81DE-4246-AC89-B338D6850103}
	EndGlobalSection
EndGlobal
